
Microsoft Visual Studio Solution File, Format Version 12.00
# Visual Studio Version 16
VisualStudioVersion = 16.0.28803.156
MinimumVisualStudioVersion = 10.0.40219.1
Project("{FAE04EC0-301F-11D3-BF4B-00C04F79EFBC}") = "HelloHttp", "HelloHttp\HelloHttp.csproj", "{5B927451-2BFE-48B7-9EE1-686B7DA018F4}"
EndProject
Global
	GlobalSection(SolutionConfigurationPlatforms) = preSolution
		Debug|Any CPU = Debug|Any CPU
		Release|Any CPU = Release|Any CPU
	EndGlobalSection
	GlobalSection(ProjectConfigurationPlatforms) = postSolution
		{5B927451-2BFE-48B7-9EE1-686B7DA018F4}.Debug|Any CPU.ActiveCfg = Debug|Any CPU
		{5B927451-2BFE-48B7-9EE1-686B7DA018F4}.Debug|Any CPU.Build.0 = Debug|Any CPU
		{5B927451-2BFE-48B7-9EE1-686B7DA018F4}.Release|Any CPU.ActiveCfg = Release|Any CPU
		{5B927451-2BFE-48B7-9EE1-686B7DA018F4}.Release|Any CPU.Build.0 = Release|Any CPU
	EndGlobalSection
	GlobalSection(SolutionProperties) = preSolution
		HideSolutionNode = FALSE
	EndGlobalSection
	GlobalSection(ExtensibilityGlobals) = postSolution
		SolutionGuid = {52149CC2-F0DB-4D9B-AE88-36BE64E9BBE2}
	EndGlobalSection
EndGlobal
