
Microsoft Visual Studio Solution File, Format Version 12.00
# Visual Studio Version 16
VisualStudioVersion = 16.0.28803.202
MinimumVisualStudioVersion = 10.0.40219.1
Project("{FAE04EC0-301F-11D3-BF4B-00C04F79EFBC}") = "SamuraiApp.Domain", "Samurai.Domain\SamuraiApp.Domain.csproj", "{162E5F3E-7354-461D-8295-926AD979CC85}"
EndProject
Project("{FAE04EC0-301F-11D3-BF4B-00C04F79EFBC}") = "SamuraiApp.Data", "SamuraiApp.Data\SamuraiApp.Data.csproj", "{BB74242B-1E00-4C03-99CC-2C2C5884E4BF}"
EndProject
Project("{FAE04EC0-301F-11D3-BF4B-00C04F79EFBC}") = "SomeUserInterface", "SomeUserInterface\SomeUserInterface.csproj", "{4D0FFF86-518C-454A-AFA5-FF8BB94CE9A4}"
EndProject
Global
	GlobalSection(SolutionConfigurationPlatforms) = preSolution
		Debug|Any CPU = Debug|Any CPU
		Release|Any CPU = Release|Any CPU
	EndGlobalSection
	GlobalSection(ProjectConfigurationPlatforms) = postSolution
		{162E5F3E-7354-461D-8295-926AD979CC85}.Debug|Any CPU.ActiveCfg = Debug|Any CPU
		{162E5F3E-7354-461D-8295-926AD979CC85}.Debug|Any CPU.Build.0 = Debug|Any CPU
		{162E5F3E-7354-461D-8295-926AD979CC85}.Release|Any CPU.ActiveCfg = Release|Any CPU
		{162E5F3E-7354-461D-8295-926AD979CC85}.Release|Any CPU.Build.0 = Release|Any CPU
		{BB74242B-1E00-4C03-99CC-2C2C5884E4BF}.Debug|Any CPU.ActiveCfg = Debug|Any CPU
		{BB74242B-1E00-4C03-99CC-2C2C5884E4BF}.Debug|Any CPU.Build.0 = Debug|Any CPU
		{BB74242B-1E00-4C03-99CC-2C2C5884E4BF}.Release|Any CPU.ActiveCfg = Release|Any CPU
		{BB74242B-1E00-4C03-99CC-2C2C5884E4BF}.Release|Any CPU.Build.0 = Release|Any CPU
		{4D0FFF86-518C-454A-AFA5-FF8BB94CE9A4}.Debug|Any CPU.ActiveCfg = Debug|Any CPU
		{4D0FFF86-518C-454A-AFA5-FF8BB94CE9A4}.Debug|Any CPU.Build.0 = Debug|Any CPU
		{4D0FFF86-518C-454A-AFA5-FF8BB94CE9A4}.Release|Any CPU.ActiveCfg = Release|Any CPU
		{4D0FFF86-518C-454A-AFA5-FF8BB94CE9A4}.Release|Any CPU.Build.0 = Release|Any CPU
	EndGlobalSection
	GlobalSection(SolutionProperties) = preSolution
		HideSolutionNode = FALSE
	EndGlobalSection
	GlobalSection(ExtensibilityGlobals) = postSolution
		SolutionGuid = {F3FD4ABC-2C4B-4587-8769-06039A05E481}
	EndGlobalSection
EndGlobal
