
Microsoft Visual Studio Solution File, Format Version 12.00
# Visual Studio Version 16
VisualStudioVersion = 16.0.28803.202
MinimumVisualStudioVersion = 10.0.40219.1
Project("{FAE04EC0-301F-11D3-BF4B-00C04F79EFBC}") = "RezorDemo", "RezorDemo\RezorDemo.csproj", "{DFADBD82-7197-4617-A277-487E19E948F9}"
EndProject
Global
	GlobalSection(SolutionConfigurationPlatforms) = preSolution
		Debug|Any CPU = Debug|Any CPU
		Release|Any CPU = Release|Any CPU
	EndGlobalSection
	GlobalSection(ProjectConfigurationPlatforms) = postSolution
		{DFADBD82-7197-4617-A277-487E19E948F9}.Debug|Any CPU.ActiveCfg = Debug|Any CPU
		{DFADBD82-7197-4617-A277-487E19E948F9}.Debug|Any CPU.Build.0 = Debug|Any CPU
		{DFADBD82-7197-4617-A277-487E19E948F9}.Release|Any CPU.ActiveCfg = Release|Any CPU
		{DFADBD82-7197-4617-A277-487E19E948F9}.Release|Any CPU.Build.0 = Release|Any CPU
	EndGlobalSection
	GlobalSection(SolutionProperties) = preSolution
		HideSolutionNode = FALSE
	EndGlobalSection
	GlobalSection(ExtensibilityGlobals) = postSolution
		SolutionGuid = {E9759084-97B7-4756-80EB-3E01B6D4A597}
	EndGlobalSection
EndGlobal
